
Microsoft Visual Studio Solution File, Format Version 12.00
# Visual Studio Version 17
VisualStudioVersion = 17.14.36121.58
MinimumVisualStudioVersion = 10.0.40219.1
Project("{FAE04EC0-301F-11D3-BF4B-00C04F79EFBC}") = "P5Sharp", "P5Sharp.csproj", "{ACA32F9B-3200-4B6E-9E96-0977ED25BD8C}"
EndProject
Project("{FAE04EC0-301F-11D3-BF4B-00C04F79EFBC}") = "P5SharpSync", "..\P5SharpSync\P5SharpSync.csproj", "{C88545AF-B282-4C93-9F76-7361BAE68DED}"
EndProject
Project("{FAE04EC0-301F-11D3-BF4B-00C04F79EFBC}") = "P5SharpSample", "..\..\P5SharpSample\P5SharpSample.csproj", "{06BB66D5-8363-F640-466C-7ECD99D42A4A}"
EndProject
Global
	GlobalSection(SolutionConfigurationPlatforms) = preSolution
		Debug|Any CPU = Debug|Any CPU
		Release|Any CPU = Release|Any CPU
	EndGlobalSection
	GlobalSection(ProjectConfigurationPlatforms) = postSolution
		{ACA32F9B-3200-4B6E-9E96-0977ED25BD8C}.Debug|Any CPU.ActiveCfg = Debug|Any CPU
		{ACA32F9B-3200-4B6E-9E96-0977ED25BD8C}.Debug|Any CPU.Build.0 = Debug|Any CPU
		{ACA32F9B-3200-4B6E-9E96-0977ED25BD8C}.Release|Any CPU.ActiveCfg = Release|Any CPU
		{ACA32F9B-3200-4B6E-9E96-0977ED25BD8C}.Release|Any CPU.Build.0 = Release|Any CPU
		{C88545AF-B282-4C93-9F76-7361BAE68DED}.Debug|Any CPU.ActiveCfg = Debug|Any CPU
		{C88545AF-B282-4C93-9F76-7361BAE68DED}.Debug|Any CPU.Build.0 = Debug|Any CPU
		{C88545AF-B282-4C93-9F76-7361BAE68DED}.Release|Any CPU.ActiveCfg = Release|Any CPU
		{C88545AF-B282-4C93-9F76-7361BAE68DED}.Release|Any CPU.Build.0 = Release|Any CPU
		{06BB66D5-8363-F640-466C-7ECD99D42A4A}.Debug|Any CPU.ActiveCfg = Debug|Any CPU
		{06BB66D5-8363-F640-466C-7ECD99D42A4A}.Debug|Any CPU.Build.0 = Debug|Any CPU
		{06BB66D5-8363-F640-466C-7ECD99D42A4A}.Debug|Any CPU.Deploy.0 = Debug|Any CPU
		{06BB66D5-8363-F640-466C-7ECD99D42A4A}.Release|Any CPU.ActiveCfg = Release|Any CPU
		{06BB66D5-8363-F640-466C-7ECD99D42A4A}.Release|Any CPU.Build.0 = Release|Any CPU
		{06BB66D5-8363-F640-466C-7ECD99D42A4A}.Release|Any CPU.Deploy.0 = Release|Any CPU
	EndGlobalSection
	GlobalSection(SolutionProperties) = preSolution
		HideSolutionNode = FALSE
	EndGlobalSection
	GlobalSection(ExtensibilityGlobals) = postSolution
		SolutionGuid = {6830E9B2-9AF5-4C25-AA11-C839C8601E8C}
	EndGlobalSection
EndGlobal
